{
  "name": "mcp-gsc",
  "version": "1.0.0",
  "lockfileVersion": 3,
  "requires": true,
  "packages": {
    "": {
      "name": "mcp-gsc",
      "version": "1.0.0",
      "license": "MIT",
      "dependencies": {
        "@cloudflare/containers": "^0.2.2"
      }
    },
    "node_modules/@cloudflare/containers": {
      "version": "0.2.4",
      "resolved": "https://registry.npmjs.org/@cloudflare/containers/-/containers-0.2.4.tgz",
      "integrity": "sha512-G/Wsl0EuLbSgXyr9zv7cetUO90NyinKIMZvXae/C5R5BY3XMl9ZUdplvcofylAwRZjBEUm+aUugWxIiiKQU0ZA==",
      "license": "ISC"
    }
  }
}
